dependencies:
- name: percona_cluster
  repository: oci://keppel.eu-de-1.cloud.sap/ccloud-helm
  version: 1.1.7
- name: pxc-db
  repository: oci://keppel.eu-de-1.cloud.sap/ccloud-helm
  version: 0.1.12
- name: mariadb
  repository: oci://keppel.eu-de-1.cloud.sap/ccloud-helm
  version: 0.14.1
- name: memcached
  repository: oci://keppel.eu-de-1.cloud.sap/ccloud-helm
  version: 0.4.0
- name: mysql_metrics
  repository: oci://keppel.eu-de-1.cloud.sap/ccloud-helm
  version: 0.3.6
- name: rabbitmq
  repository: oci://keppel.eu-de-1.cloud.sap/ccloud-helm
  version: 0.11.0
- name: rabbitmq_cluster
  repository: oci://keppel.eu-de-1.cloud.sap/ccloud-helm
  version: 0.1.10
- name: utils
  repository: oci://keppel.eu-de-1.cloud.sap/ccloud-helm
  version: 0.19.6
- name: owner-info
  repository: oci://keppel.eu-de-1.cloud.sap/ccloud-helm
  version: 1.0.0
- name: linkerd-support
  repository: oci://keppel.eu-de-1.cloud.sap/ccloud-helm
  version: 1.1.0
digest: sha256:06b62cf520fba865a13736077073360ce48877b32320c16056de886ed6d2515c
generated: "2024-10-30T13:20:11.599054+02:00"
